// !$*UTF8*$!
{
	archiveVersion = 1;
	classes = {
	};
	objectVersion = 55;
	objects = {

/* Begin PBXBuildFile section */
		3FB32B8F27BAC25200B92458 /* APIManager.swift in Sources */ = {isa = PBXBuildFile; fileRef = 3FB32B8E27BAC25200B92458 /* APIManager.swift */; };
		3FB32B9127BAC33F00B92458 /* APIManager+HttpBinGet.swift in Sources */ = {isa = PBXBuildFile; fileRef = 3FB32B9027BAC33F00B92458 /* APIManager+HttpBinGet.swift */; };
		937E801A279FECC300A1AA90 /* AppDelegate.swift in Sources */ = {isa = PBXBuildFile; fileRef = 937E8019279FECC300A1AA90 /* AppDelegate.swift */; };
		937E801C279FECC300A1AA90 /* SceneDelegate.swift in Sources */ = {isa = PBXBuildFile; fileRef = 937E801B279FECC300A1AA90 /* SceneDelegate.swift */; };
		937E801E279FECC300A1AA90 /* ViewController.swift in Sources */ = {isa = PBXBuildFile; fileRef = 937E801D279FECC300A1AA90 /* ViewController.swift */; };
		937E8021279FECC300A1AA90 /* Main.storyboard in Resources */ = {isa = PBXBuildFile; fileRef = 937E801F279FECC300A1AA90 /* Main.storyboard */; };
		937E8023279FECC500A1AA90 /* Assets.xcassets in Resources */ = {isa = PBXBuildFile; fileRef = 937E8022279FECC500A1AA90 /* Assets.xcassets */; };
		937E8026279FECC500A1AA90 /* LaunchScreen.storyboard in Resources */ = {isa = PBXBuildFile; fileRef = 937E8024279FECC500A1AA90 /* LaunchScreen.storyboard */; };
		939B8B0827C36D2000E4A778 /* NetworkManager.swift in Sources */ = {isa = PBXBuildFile; fileRef = 939B8B0727C36D2000E4A778 /* NetworkManager.swift */; };
		939B8B0A27C3718000E4A778 /* BaseRequest.swift in Sources */ = {isa = PBXBuildFile; fileRef = 939B8B0927C3718000E4A778 /* BaseRequest.swift */; };
		939B8B0C27C3721500E4A778 /* HttpBinBaseRequest.swift in Sources */ = {isa = PBXBuildFile; fileRef = 939B8B0B27C3721500E4A778 /* HttpBinBaseRequest.swift */; };
		939B8B0E27C372BE00E4A778 /* HttpBinGetRequest.swift in Sources */ = {isa = PBXBuildFile; fileRef = 939B8B0D27C372BE00E4A778 /* HttpBinGetRequest.swift */; };
		939B8B1027C372E200E4A778 /* HttpBinPostRequest.swift in Sources */ = {isa = PBXBuildFile; fileRef = 939B8B0F27C372E200E4A778 /* HttpBinPostRequest.swift */; };
		939D0E2F27A246E60054157D /* Alamofire in Frameworks */ = {isa = PBXBuildFile; productRef = 939D0E2E27A246E60054157D /* Alamofire */; };
		93B5EFBE27BDE9B900DCD5FA /* URLRequest+AddHeader.swift in Sources */ = {isa = PBXBuildFile; fileRef = 93B5EFBD27BDE9B900DCD5FA /* URLRequest+AddHeader.swift */; };
		93B5EFC027BDE9E800DCD5FA /* APIManager+HandleResponse.swift in Sources */ = {isa = PBXBuildFile; fileRef = 93B5EFBF27BDE9E800DCD5FA /* APIManager+HandleResponse.swift */; };
		93B5EFC227BDEA4B00DCD5FA /* APIManager+HttpBinPost.swift in Sources */ = {isa = PBXBuildFile; fileRef = 93B5EFC127BDEA4B00DCD5FA /* APIManager+HttpBinPost.swift */; };
/* End PBXBuildFile section */

/* Begin PBXFileReference section */
		3FB32B8E27BAC25200B92458 /* APIManager.swift */ = {isa = PBXFileReference; lastKnownFileType = sourcecode.swift; path = APIManager.swift; sourceTree = "<group>"; };
		3FB32B9027BAC33F00B92458 /* APIManager+HttpBinGet.swift */ = {isa = PBXFileReference; lastKnownFileType = sourcecode.swift; path = "APIManager+HttpBinGet.swift"; sourceTree = "<group>"; };
		937E8016279FECC200A1AA90 /* TestApp.app */ = {isa = PBXFileReference; explicitFileType = wrapper.application; includeInIndex = 0; path = TestApp.app; sourceTree = BUILT_PRODUCTS_DIR; };
		937E8019279FECC300A1AA90 /* AppDelegate.swift */ = {isa = PBXFileReference; lastKnownFileType = sourcecode.swift; path = AppDelegate.swift; sourceTree = "<group>"; };
		937E801B279FECC300A1AA90 /* SceneDelegate.swift */ = {isa = PBXFileReference; lastKnownFileType = sourcecode.swift; path = SceneDelegate.swift; sourceTree = "<group>"; };
		937E801D279FECC300A1AA90 /* ViewController.swift */ = {isa = PBXFileReference; lastKnownFileType = sourcecode.swift; path = ViewController.swift; sourceTree = "<group>"; };
		937E8020279FECC300A1AA90 /* Base */ = {isa = PBXFileReference; lastKnownFileType = file.storyboard; name = Base; path = Base.lproj/Main.storyboard; sourceTree = "<group>"; };
		937E8022279FECC500A1AA90 /* Assets.xcassets */ = {isa = PBXFileReference; lastKnownFileType = folder.assetcatalog; path = Assets.xcassets; sourceTree = "<group>"; };
		937E8025279FECC500A1AA90 /* Base */ = {isa = PBXFileReference; lastKnownFileType = file.storyboard; name = Base; path = Base.lproj/LaunchScreen.storyboard; sourceTree = "<group>"; };
		937E8027279FECC500A1AA90 /* Info.plist */ = {isa = PBXFileReference; lastKnownFileType = text.plist.xml; path = Info.plist; sourceTree = "<group>"; };
		939B8B0727C36D2000E4A778 /* NetworkManager.swift */ = {isa = PBXFileReference; lastKnownFileType = sourcecode.swift; path = NetworkManager.swift; sourceTree = "<group>"; };
		939B8B0927C3718000E4A778 /* BaseRequest.swift */ = {isa = PBXFileReference; lastKnownFileType = sourcecode.swift; path = BaseRequest.swift; sourceTree = "<group>"; };
		939B8B0B27C3721500E4A778 /* HttpBinBaseRequest.swift */ = {isa = PBXFileReference; lastKnownFileType = sourcecode.swift; path = HttpBinBaseRequest.swift; sourceTree = "<group>"; };
		939B8B0D27C372BE00E4A778 /* HttpBinGetRequest.swift */ = {isa = PBXFileReference; lastKnownFileType = sourcecode.swift; path = HttpBinGetRequest.swift; sourceTree = "<group>"; };
		939B8B0F27C372E200E4A778 /* HttpBinPostRequest.swift */ = {isa = PBXFileReference; lastKnownFileType = sourcecode.swift; path = HttpBinPostRequest.swift; sourceTree = "<group>"; };
		93B5EFBD27BDE9B900DCD5FA /* URLRequest+AddHeader.swift */ = {isa = PBXFileReference; lastKnownFileType = sourcecode.swift; path = "URLRequest+AddHeader.swift"; sourceTree = "<group>"; };
		93B5EFBF27BDE9E800DCD5FA /* APIManager+HandleResponse.swift */ = {isa = PBXFileReference; lastKnownFileType = sourcecode.swift; path = "APIManager+HandleResponse.swift"; sourceTree = "<group>"; };
		93B5EFC127BDEA4B00DCD5FA /* APIManager+HttpBinPost.swift */ = {isa = PBXFileReference; lastKnownFileType = sourcecode.swift; path = "APIManager+HttpBinPost.swift"; sourceTree = "<group>"; };
/* End PBXFileReference section */

/* Begin PBXFrameworksBuildPhase section */
		937E8013279FECC200A1AA90 /* Frameworks */ = {
			isa = PBXFrameworksBuildPhase;
			buildActionMask = 2147483647;
			files = (
				939D0E2F27A246E60054157D /* Alamofire in Frameworks */,
			);
			runOnlyForDeploymentPostprocessing = 0;
		};
/* End PBXFrameworksBuildPhase section */

/* Begin PBXGroup section */
		3FB32B8B27BAC18D00B92458 /* APIRequestDesignVersion1 */ = {
			isa = PBXGroup;
			children = (
				3FB32B8E27BAC25200B92458 /* APIManager.swift */,
				3FB32B9027BAC33F00B92458 /* APIManager+HttpBinGet.swift */,
				93B5EFC127BDEA4B00DCD5FA /* APIManager+HttpBinPost.swift */,
				93B5EFBF27BDE9E800DCD5FA /* APIManager+HandleResponse.swift */,
				93B5EFBD27BDE9B900DCD5FA /* URLRequest+AddHeader.swift */,
			);
			path = APIRequestDesignVersion1;
			sourceTree = "<group>";
		};
		937E800D279FECC200A1AA90 = {
			isa = PBXGroup;
			children = (
				937E8018279FECC300A1AA90 /* TestApp */,
				937E8017279FECC200A1AA90 /* Products */,
			);
			sourceTree = "<group>";
		};
		937E8017279FECC200A1AA90 /* Products */ = {
			isa = PBXGroup;
			children = (
				937E8016279FECC200A1AA90 /* TestApp.app */,
			);
			name = Products;
			sourceTree = "<group>";
		};
		937E8018279FECC300A1AA90 /* TestApp */ = {
			isa = PBXGroup;
			children = (
				3FB32B8B27BAC18D00B92458 /* APIRequestDesignVersion1 */,
				93B5EFBC27BDE17A00DCD5FA /* APIRequestDesignVersion2 */,
				937E8019279FECC300A1AA90 /* AppDelegate.swift */,
				937E801B279FECC300A1AA90 /* SceneDelegate.swift */,
				937E801D279FECC300A1AA90 /* ViewController.swift */,
				937E801F279FECC300A1AA90 /* Main.storyboard */,
				937E8022279FECC500A1AA90 /* Assets.xcassets */,
				937E8024279FECC500A1AA90 /* LaunchScreen.storyboard */,
				937E8027279FECC500A1AA90 /* Info.plist */,
			);
			path = TestApp;
			sourceTree = "<group>";
		};
		93B5EFBC27BDE17A00DCD5FA /* APIRequestDesignVersion2 */ = {
			isa = PBXGroup;
			children = (
				939B8B0727C36D2000E4A778 /* NetworkManager.swift */,
				939B8B0927C3718000E4A778 /* BaseRequest.swift */,
				939B8B0B27C3721500E4A778 /* HttpBinBaseRequest.swift */,
				939B8B0D27C372BE00E4A778 /* HttpBinGetRequest.swift */,
				939B8B0F27C372E200E4A778 /* HttpBinPostRequest.swift */,
			);
			path = APIRequestDesignVersion2;
			sourceTree = "<group>";
		};
/* End PBXGroup section */

/* Begin PBXNativeTarget section */
		937E8015279FECC200A1AA90 /* TestApp */ = {
			isa = PBXNativeTarget;
			buildConfigurationList = 937E802A279FECC500A1AA90 /* Build configuration list for PBXNativeTarget "TestApp" */;
			buildPhases = (
				937E8012279FECC200A1AA90 /* Sources */,
				937E8013279FECC200A1AA90 /* Frameworks */,
				937E8014279FECC200A1AA90 /* Resources */,
			);
			buildRules = (
			);
			dependencies = (
			);
			name = TestApp;
			packageProductDependencies = (
				939D0E2E27A246E60054157D /* Alamofire */,
			);
			productName = TestApp;
			productReference = 937E8016279FECC200A1AA90 /* TestApp.app */;
			productType = "com.apple.product-type.application";
		};
/* End PBXNativeTarget section */

/* Begin PBXProject section */
		937E800E279FECC200A1AA90 /* Project object */ = {
			isa = PBXProject;
			attributes = {
				BuildIndependentTargetsInParallel = 1;
				LastSwiftUpdateCheck = 1300;
				LastUpgradeCheck = 1300;
				TargetAttributes = {
					937E8015279FECC200A1AA90 = {
						CreatedOnToolsVersion = 13.0;
					};
				};
			};
			buildConfigurationList = 937E8011279FECC200A1AA90 /* Build configuration list for PBXProject "TestApp" */;
			compatibilityVersion = "Xcode 13.0";
			developmentRegion = en;
			hasScannedForEncodings = 0;
			knownRegions = (
				en,
				Base,
			);
			mainGroup = 937E800D279FECC200A1AA90;
			packageReferences = (
				939D0E2D27A246E60054157D /* XCRemoteSwiftPackageReference "Alamofire" */,
			);
			productRefGroup = 937E8017279FECC200A1AA90 /* Products */;
			projectDirPath = "";
			projectRoot = "";
			targets = (
				937E8015279FECC200A1AA90 /* TestApp */,
			);
		};
/* End PBXProject section */

/* Begin PBXResourcesBuildPhase section */
		937E8014279FECC200A1AA90 /* Resources */ = {
			isa = PBXResourcesBuildPhase;
			buildActionMask = 2147483647;
			files = (
				937E8026279FECC500A1AA90 /* LaunchScreen.storyboard in Resources */,
				937E8023279FECC500A1AA90 /* Assets.xcassets in Resources */,
				937E8021279FECC300A1AA90 /* Main.storyboard in Resources */,
			);
			runOnlyForDeploymentPostprocessing = 0;
		};
/* End PBXResourcesBuildPhase section */

/* Begin PBXSourcesBuildPhase section */
		937E8012279FECC200A1AA90 /* Sources */ = {
			isa = PBXSourcesBuildPhase;
			buildActionMask = 2147483647;
			files = (
				939B8B0E27C372BE00E4A778 /* HttpBinGetRequest.swift in Sources */,
				939B8B0C27C3721500E4A778 /* HttpBinBaseRequest.swift in Sources */,
				939B8B0827C36D2000E4A778 /* NetworkManager.swift in Sources */,
				3FB32B8F27BAC25200B92458 /* APIManager.swift in Sources */,
				93B5EFC027BDE9E800DCD5FA /* APIManager+HandleResponse.swift in Sources */,
				937E801E279FECC300A1AA90 /* ViewController.swift in Sources */,
				937E801A279FECC300A1AA90 /* AppDelegate.swift in Sources */,
				937E801C279FECC300A1AA90 /* SceneDelegate.swift in Sources */,
				939B8B0A27C3718000E4A778 /* BaseRequest.swift in Sources */,
				93B5EFBE27BDE9B900DCD5FA /* URLRequest+AddHeader.swift in Sources */,
				939B8B1027C372E200E4A778 /* HttpBinPostRequest.swift in Sources */,
				93B5EFC227BDEA4B00DCD5FA /* APIManager+HttpBinPost.swift in Sources */,
				3FB32B9127BAC33F00B92458 /* APIManager+HttpBinGet.swift in Sources */,
			);
			runOnlyForDeploymentPostprocessing = 0;
		};
/* End PBXSourcesBuildPhase section */

/* Begin PBXVariantGroup section */
		937E801F279FECC300A1AA90 /* Main.storyboard */ = {
			isa = PBXVariantGroup;
			children = (
				937E8020279FECC300A1AA90 /* Base */,
			);
			name = Main.storyboard;
			sourceTree = "<group>";
		};
		937E8024279FECC500A1AA90 /* LaunchScreen.storyboard */ = {
			isa = PBXVariantGroup;
			children = (
				937E8025279FECC500A1AA90 /* Base */,
			);
			name = LaunchScreen.storyboard;
			sourceTree = "<group>";
		};
/* End PBXVariantGroup section */

/* Begin XCBuildConfiguration section */
		937E8028279FECC500A1AA90 /* Debug */ = {
			isa = XCBuildConfiguration;
			buildSettings = {
				ALWAYS_SEARCH_USER_PATHS = NO;
				CLANG_ANALYZER_NONNULL = YES;
				CLANG_ANALYZER_NUMBER_OBJECT_CONVERSION = YES_AGGRESSIVE;
				CLANG_CXX_LANGUAGE_STANDARD = "gnu++17";
				CLANG_CXX_LIBRARY = "libc++";
				CLANG_ENABLE_MODULES = YES;
				CLANG_ENABLE_OBJC_ARC = YES;
				CLANG_ENABLE_OBJC_WEAK = YES;
				CLANG_WARN_BLOCK_CAPTURE_AUTORELEASING = YES;
				CLANG_WARN_BOOL_CONVERSION = YES;
				CLANG_WARN_COMMA = YES;
				CLANG_WARN_CONSTANT_CONVERSION = YES;
				CLANG_WARN_DEPRECATED_OBJC_IMPLEMENTATIONS = YES;
				CLANG_WARN_DIRECT_OBJC_ISA_USAGE = YES_ERROR;
				CLANG_WARN_DOCUMENTATION_COMMENTS = YES;
				CLANG_WARN_EMPTY_BODY = YES;
				CLANG_WARN_ENUM_CONVERSION = YES;
				CLANG_WARN_INFINITE_RECURSION = YES;
				CLANG_WARN_INT_CONVERSION = YES;
				CLANG_WARN_NON_LITERAL_NULL_CONVERSION = YES;
				CLANG_WARN_OBJC_IMPLICIT_RETAIN_SELF = YES;
				CLANG_WARN_OBJC_LITERAL_CONVERSION = YES;
				CLANG_WARN_OBJC_ROOT_CLASS = YES_ERROR;
				CLANG_WARN_QUOTED_INCLUDE_IN_FRAMEWORK_HEADER = YES;
				CLANG_WARN_RANGE_LOOP_ANALYSIS = YES;
				CLANG_WARN_STRICT_PROTOTYPES = YES;
				CLANG_WARN_SUSPICIOUS_MOVE = YES;
				CLANG_WARN_UNGUARDED_AVAILABILITY = YES_AGGRESSIVE;
				CLANG_WARN_UNREACHABLE_CODE = YES;
				CLANG_WARN__DUPLICATE_METHOD_MATCH = YES;
				COPY_PHASE_STRIP = NO;
				DEBUG_INFORMATION_FORMAT = dwarf;
				ENABLE_STRICT_OBJC_MSGSEND = YES;
				ENABLE_TESTABILITY = YES;
				GCC_C_LANGUAGE_STANDARD = gnu11;
				GCC_DYNAMIC_NO_PIC = NO;
				GCC_NO_COMMON_BLOCKS = YES;
				GCC_OPTIMIZATION_LEVEL = 0;
				GCC_PREPROCESSOR_DEFINITIONS = (
					"DEBUG=1",
					"$(inherited)",
				);
				GCC_WARN_64_TO_32_BIT_CONVERSION = YES;
				GCC_WARN_ABOUT_RETURN_TYPE = YES_ERROR;
				GCC_WARN_UNDECLARED_SELECTOR = YES;
				GCC_WARN_UNINITIALIZED_AUTOS = YES_AGGRESSIVE;
				GCC_WARN_UNUSED_FUNCTION = YES;
				GCC_WARN_UNUSED_VARIABLE = YES;
				IPHONEOS_DEPLOYMENT_TARGET = 15.0;
				MTL_ENABLE_DEBUG_INFO = INCLUDE_SOURCE;
				MTL_FAST_MATH = YES;
				ONLY_ACTIVE_ARCH = YES;
				SDKROOT = iphoneos;
				SWIFT_ACTIVE_COMPILATION_CONDITIONS = DEBUG;
				SWIFT_OPTIMIZATION_LEVEL = "-Onone";
			};
			name = Debug;
		};
		937E8029279FECC500A1AA90 /* Release */ = {
			isa = XCBuildConfiguration;
			buildSettings = {
				ALWAYS_SEARCH_USER_PATHS = NO;
				CLANG_ANALYZER_NONNULL = YES;
				CLANG_ANALYZER_NUMBER_OBJECT_CONVERSION = YES_AGGRESSIVE;
				CLANG_CXX_LANGUAGE_STANDARD = "gnu++17";
				CLANG_CXX_LIBRARY = "libc++";
				CLANG_ENABLE_MODULES = YES;
				CLANG_ENABLE_OBJC_ARC = YES;
				CLANG_ENABLE_OBJC_WEAK = YES;
				CLANG_WARN_BLOCK_CAPTURE_AUTORELEASING = YES;
				CLANG_WARN_BOOL_CONVERSION = YES;
				CLANG_WARN_COMMA = YES;
				CLANG_WARN_CONSTANT_CONVERSION = YES;
				CLANG_WARN_DEPRECATED_OBJC_IMPLEMENTATIONS = YES;
				CLANG_WARN_DIRECT_OBJC_ISA_USAGE = YES_ERROR;
				CLANG_WARN_DOCUMENTATION_COMMENTS = YES;
				CLANG_WARN_EMPTY_BODY = YES;
				CLANG_WARN_ENUM_CONVERSION = YES;
				CLANG_WARN_INFINITE_RECURSION = YES;
				CLANG_WARN_INT_CONVERSION = YES;
				CLANG_WARN_NON_LITERAL_NULL_CONVERSION = YES;
				CLANG_WARN_OBJC_IMPLICIT_RETAIN_SELF = YES;
				CLANG_WARN_OBJC_LITERAL_CONVERSION = YES;
				CLANG_WARN_OBJC_ROOT_CLASS = YES_ERROR;
				CLANG_WARN_QUOTED_INCLUDE_IN_FRAMEWORK_HEADER = YES;
				CLANG_WARN_RANGE_LOOP_ANALYSIS = YES;
				CLANG_WARN_STRICT_PROTOTYPES = YES;
				CLANG_WARN_SUSPICIOUS_MOVE = YES;
				CLANG_WARN_UNGUARDED_AVAILABILITY = YES_AGGRESSIVE;
				CLANG_WARN_UNREACHABLE_CODE = YES;
				CLANG_WARN__DUPLICATE_METHOD_MATCH = YES;
				COPY_PHASE_STRIP = NO;
				DEBUG_INFORMATION_FORMAT = "dwarf-with-dsym";
				ENABLE_NS_ASSERTIONS = NO;
				ENABLE_STRICT_OBJC_MSGSEND = YES;
				GCC_C_LANGUAGE_STANDARD = gnu11;
				GCC_NO_COMMON_BLOCKS = YES;
				GCC_WARN_64_TO_32_BIT_CONVERSION = YES;
				GCC_WARN_ABOUT_RETURN_TYPE = YES_ERROR;
				GCC_WARN_UNDECLARED_SELECTOR = YES;
				GCC_WARN_UNINITIALIZED_AUTOS = YES_AGGRESSIVE;
				GCC_WARN_UNUSED_FUNCTION = YES;
				GCC_WARN_UNUSED_VARIABLE = YES;
				IPHONEOS_DEPLOYMENT_TARGET = 15.0;
				MTL_ENABLE_DEBUG_INFO = NO;
				MTL_FAST_MATH = YES;
				SDKROOT = iphoneos;
				SWIFT_COMPILATION_MODE = wholemodule;
				SWIFT_OPTIMIZATION_LEVEL = "-O";
				VALIDATE_PRODUCT = YES;
			};
			name = Release;
		};
		937E802B279FECC500A1AA90 /* Debug */ = {
			isa = XCBuildConfiguration;
			buildSettings = {
				ASSETCATALOG_COMPILER_APPICON_NAME = AppIcon;
				ASSETCATALOG_COMPILER_GLOBAL_ACCENT_COLOR_NAME = AccentColor;
				CODE_SIGN_STYLE = Automatic;
				CURRENT_PROJECT_VERSION = 1;
				DEVELOPMENT_TEAM = MPYY7T3888;
				GENERATE_INFOPLIST_FILE = YES;
				INFOPLIST_FILE = TestApp/Info.plist;
				INFOPLIST_KEY_UIApplicationSupportsIndirectInputEvents = YES;
				INFOPLIST_KEY_UILaunchStoryboardName = LaunchScreen;
				INFOPLIST_KEY_UIMainStoryboardFile = Main;
				INFOPLIST_KEY_UISupportedInterfaceOrientations_iPad = "UIInterfaceOrientationPortrait UIInterfaceOrientationPortraitUpsideDown UIInterfaceOrientationLandscapeLeft UIInterfaceOrientationLandscapeRight";
				INFOPLIST_KEY_UISupportedInterfaceOrientations_iPhone = "UIInterfaceOrientationPortrait UIInterfaceOrientationLandscapeLeft UIInterfaceOrientationLandscapeRight";
				LD_RUNPATH_SEARCH_PATHS = (
					"$(inherited)",
					"@executable_path/Frameworks",
				);
				MARKETING_VERSION = 1.0;
				PRODUCT_BUNDLE_IDENTIFIER = com.pinkpika.TestApp;
				PRODUCT_NAME = "$(TARGET_NAME)";
				SWIFT_EMIT_LOC_STRINGS = YES;
				SWIFT_VERSION = 5.0;
				TARGETED_DEVICE_FAMILY = "1,2";
			};
			name = Debug;
		};
		937E802C279FECC500A1AA90 /* Release */ = {
			isa = XCBuildConfiguration;
			buildSettings = {
				ASSETCATALOG_COMPILER_APPICON_NAME = AppIcon;
				ASSETCATALOG_COMPILER_GLOBAL_ACCENT_COLOR_NAME = AccentColor;
				CODE_SIGN_STYLE = Automatic;
				CURRENT_PROJECT_VERSION = 1;
				DEVELOPMENT_TEAM = MPYY7T3888;
				GENERATE_INFOPLIST_FILE = YES;
				INFOPLIST_FILE = TestApp/Info.plist;
				INFOPLIST_KEY_UIApplicationSupportsIndirectInputEvents = YES;
				INFOPLIST_KEY_UILaunchStoryboardName = LaunchScreen;
				INFOPLIST_KEY_UIMainStoryboardFile = Main;
				INFOPLIST_KEY_UISupportedInterfaceOrientations_iPad = "UIInterfaceOrientationPortrait UIInterfaceOrientationPortraitUpsideDown UIInterfaceOrientationLandscapeLeft UIInterfaceOrientationLandscapeRight";
				INFOPLIST_KEY_UISupportedInterfaceOrientations_iPhone = "UIInterfaceOrientationPortrait UIInterfaceOrientationLandscapeLeft UIInterfaceOrientationLandscapeRight";
				LD_RUNPATH_SEARCH_PATHS = (
					"$(inherited)",
					"@executable_path/Frameworks",
				);
				MARKETING_VERSION = 1.0;
				PRODUCT_BUNDLE_IDENTIFIER = com.pinkpika.TestApp;
				PRODUCT_NAME = "$(TARGET_NAME)";
				SWIFT_EMIT_LOC_STRINGS = YES;
				SWIFT_VERSION = 5.0;
				TARGETED_DEVICE_FAMILY = "1,2";
			};
			name = Release;
		};
/* End XCBuildConfiguration section */

/* Begin XCConfigurationList section */
		937E8011279FECC200A1AA90 /* Build configuration list for PBXProject "TestApp" */ = {
			isa = XCConfigurationList;
			buildConfigurations = (
				937E8028279FECC500A1AA90 /* Debug */,
				937E8029279FECC500A1AA90 /* Release */,
			);
			defaultConfigurationIsVisible = 0;
			defaultConfigurationName = Release;
		};
		937E802A279FECC500A1AA90 /* Build configuration list for PBXNativeTarget "TestApp" */ = {
			isa = XCConfigurationList;
			buildConfigurations = (
				937E802B279FECC500A1AA90 /* Debug */,
				937E802C279FECC500A1AA90 /* Release */,
			);
			defaultConfigurationIsVisible = 0;
			defaultConfigurationName = Release;
		};
/* End XCConfigurationList section */

/* Begin XCRemoteSwiftPackageReference section */
		939D0E2D27A246E60054157D /* XCRemoteSwiftPackageReference "Alamofire" */ = {
			isa = XCRemoteSwiftPackageReference;
			repositoryURL = "https://github.com/Alamofire/Alamofire.git";
			requirement = {
				kind = upToNextMajorVersion;
				minimumVersion = 5.0.0;
			};
		};
/* End XCRemoteSwiftPackageReference section */

/* Begin XCSwiftPackageProductDependency section */
		939D0E2E27A246E60054157D /* Alamofire */ = {
			isa = XCSwiftPackageProductDependency;
			package = 939D0E2D27A246E60054157D /* XCRemoteSwiftPackageReference "Alamofire" */;
			productName = Alamofire;
		};
/* End XCSwiftPackageProductDependency section */
	};
	rootObject = 937E800E279FECC200A1AA90 /* Project object */;
}
